{
  "name": "prism-bench",
  "lockfileVersion": 3,
  "requires": true,
  "packages": {
    "": {
      "name": "prism-bench",
      "dependencies": {
        "@jmespath-community/jmespath": "1.3.0",
        "@jsonquerylang/jsonquery": "5.1.1",
        "@marcbachmann/cel-js": "8.0.0",
        "@niscorp/strata": "0.1.4",
        "dayjs": "1.11.23",
        "esbuild": "0.28.2",
        "groq-js": "2.0.0",
        "jmespath": "0.16.0",
        "jora": "1.0.0-beta.16",
        "jq-wasm": "3.0.0-jq-1.8.2",
        "json-e": "4.8.4",
        "json-logic-engine": "5.0.7",
        "json-logic-js": "2.0.5",
        "jsonata": "2.2.2",
        "lodash": "4.18.1",
        "mingo": "7.2.4",
        "mitata": "1.0.34",
        "prism-published": "npm:@niscorp/prism@0.2.2",
        "tinybench": "6.2.1",
        "zod": "4.6.5"
      }
    },
    "node_modules/@discoveryjs/natural-compare": {
      "version": "1.1.0",
      "resolved": "https://registry.npmjs.org/@discoveryjs/natural-compare/-/natural-compare-1.1.0.tgz",
      "integrity": "sha512-yuctPJs5lRXoI8LkpVZGAV6n+DKOuEsfpfcIDQ8ZjWHwazqk1QjBc4jMlof0UlZHyUqv4dwsOTooMiAmtzvwXA==",
      "engines": {
        "node": "^10 || ^12.20.0 || ^14.13.0 || >=15.0.0"
      }
    },
    "node_modules/@esbuild/aix-ppc64": {
      "version": "0.28.2",
      "resolved": "https://registry.npmjs.org/@esbuild/aix-ppc64/-/aix-ppc64-0.28.2.tgz",
      "integrity": "sha512-XExcO+dvLKvVtNTibSTBej1NCAbaGhWn9Ww1ZPx80qsahhPFe/8jgWP0IchNe0F3HwkU7n8ejhH8bjonqht8mQ==",
      "cpu": [
        "ppc64"
      ],
      "optional": true,
      "os": [
        "aix"
      ],
      "engines": {
        "node": ">=18"
      }
    },
    "node_modules/@esbuild/android-arm": {
      "version": "0.28.2",
      "resolved": "https://registry.npmjs.org/@esbuild/android-arm/-/android-arm-0.28.2.tgz",
      "integrity": "sha512-kXXoiPVVGQcnIYGOeaovwOURpniDBpSq4A03qkQ+BMQqtGG6HYap3xne9C1O1yo4TR3qxlCX5IqqmX6fFo2Lqg==",
      "cpu": [
        "arm"
      ],
      "optional": true,
      "os": [
        "android"
      ],
      "engines": {
        "node": ">=18"
      }
    },
    "node_modules/@esbuild/android-arm64": {
      "version": "0.28.2",
      "resolved": "https://registry.npmjs.org/@esbuild/android-arm64/-/android-arm64-0.28.2.tgz",
      "integrity": "sha512-5YfKeeI8qWfBZIX+u2xZC3Zlb3Os/gLS2sbEKM+I4ZOcsWmHS2WLysCcQZDAFRslDUU5Oiq44gf6PYN1vGwG5A==",
      "cpu": [
        "arm64"
      ],
      "optional": true,
      "os": [
        "android"
      ],
      "engines": {
        "node": ">=18"
      }
    },
    "node_modules/@esbuild/android-x64": {
      "version": "0.28.2",
      "resolved": "https://registry.npmjs.org/@esbuild/android-x64/-/android-x64-0.28.2.tgz",
      "integrity": "sha512-O387ite7SzUyCcy3JQX4P4bLtEA7bLLkx+esve5JHnyYfNTxcVpXZo9jhdB0lTKN44gztELTdU7nS8Nr16Fs1Q==",
      "cpu": [
        "x64"
      ],
      "optional": true,
      "os": [
        "android"
      ],
      "engines": {
        "node": ">=18"
      }
    },
    "node_modules/@esbuild/darwin-arm64": {
      "version": "0.28.2",
      "resolved": "https://registry.npmjs.org/@esbuild/darwin-arm64/-/darwin-arm64-0.28.2.tgz",
      "integrity": "sha512-n4KqkOQrraxHJcgjM1RvwbigfQKIKJVpM7xp+KsxiyUSrRdIXnt73VhrPAx0fV44hgfmIVKjxMN9J1t5jySVkw==",
      "cpu": [
        "arm64"
      ],
      "optional": true,
      "os": [
        "darwin"
      ],
      "engines": {
        "node": ">=18"
      }
    },
    "node_modules/@esbuild/darwin-x64": {
      "version": "0.28.2",
      "resolved": "https://registry.npmjs.org/@esbuild/darwin-x64/-/darwin-x64-0.28.2.tgz",
      "integrity": "sha512-uq6suIWYP37qzGddBKPw5QEQPi6HiLGsO7UmkpfyaYNQ3D+rN6w6WfwH+nuqcGXWvawGwxOEroO4YGnFh95azw==",
      "cpu": [
        "x64"
      ],
      "optional": true,
      "os": [
        "darwin"
      ],
      "engines": {
        "node": ">=18"
      }
    },
    "node_modules/@esbuild/freebsd-arm64": {
      "version": "0.28.2",
      "resolved": "https://registry.npmjs.org/@esbuild/freebsd-arm64/-/freebsd-arm64-0.28.2.tgz",
      "integrity": "sha512-n+I0BTSRIoy+d6RPKnEVwql5UwBJolytvY4mAOIEJorKlqgPII8ix6slVVrfZ5Tnj7glIZvloylbB/EJPMWEXw==",
      "cpu": [
        "arm64"
      ],
      "optional": true,
      "os": [
        "freebsd"
      ],
      "engines": {
        "node": ">=18"
      }
    },
    "node_modules/@esbuild/freebsd-x64": {
      "version": "0.28.2",
      "resolved": "https://registry.npmjs.org/@esbuild/freebsd-x64/-/freebsd-x64-0.28.2.tgz",
      "integrity": "sha512-78XJTJkvPs0kz2w61301PJjXl4g7q3JqiYMZ/M/yVI73EHBrCRTgkhu9oqG7vPqq+a/yadEW8aD+agKlk5xrmg==",
      "cpu": [
        "x64"
      ],
      "optional": true,
      "os": [
        "freebsd"
      ],
      "engines": {
        "node": ">=18"
      }
    },
    "node_modules/@esbuild/linux-arm": {
      "version": "0.28.2",
      "resolved": "https://registry.npmjs.org/@esbuild/linux-arm/-/linux-arm-0.28.2.tgz",
      "integrity": "sha512-XlDnu2q5yoqems+xay6wSAcg9DDD7K9RLKZEBOMZm3ckNpJBvOX20tSfby8KfrrhINDyv9V2YVZKY/SpoGJI8w==",
      "cpu": [
        "arm"
      ],
      "optional": true,
      "os": [
        "linux"
      ],
      "engines": {
        "node": ">=18"
      }
    },
    "node_modules/@esbuild/linux-arm64": {
      "version": "0.28.2",
      "resolved": "https://registry.npmjs.org/@esbuild/linux-arm64/-/linux-arm64-0.28.2.tgz",
      "integrity": "sha512-pW4AC0P3it8c7do9MVM4p51FzHzdM/TZrerurgRcHJ2WTa1VQ1CIq18xncfpBJw4ojkiZZrKW2yIBWBP92j6Ug==",
      "cpu": [
        "arm64"
      ],
      "optional": true,
      "os": [
        "linux"
      ],
      "engines": {
        "node": ">=18"
      }
    },
    "node_modules/@esbuild/linux-ia32": {
      "version": "0.28.2",
      "resolved": "https://registry.npmjs.org/@esbuild/linux-ia32/-/linux-ia32-0.28.2.tgz",
      "integrity": "sha512-CYbnj78HsIeA+DhgUKgFCfvNsTHFhMMrinUrMZpDXJXKN8T3XViTZ/+wtHeVxEWY8ewSzTFN+nRmSwO2tZaLUQ==",
      "cpu": [
        "ia32"
      ],
      "optional": true,
      "os": [
        "linux"
      ],
      "engines": {
        "node": ">=18"
      }
    },
    "node_modules/@esbuild/linux-loong64": {
      "version": "0.28.2",
      "resolved": "https://registry.npmjs.org/@esbuild/linux-loong64/-/linux-loong64-0.28.2.tgz",
      "integrity": "sha512-buwkd8nsph4R+ajRvw0qM5Hja/TXQow3ptzWO2EbG/cqcIkHloRrdlBtQlshyYGTNFvfkfJ5tpPLVkY4DtsPfQ==",
      "cpu": [
        "loong64"
      ],
      "optional": true,
      "os": [
        "linux"
      ],
      "engines": {
        "node": ">=18"
      }
    },
    "node_modules/@esbuild/linux-mips64el": {
      "version": "0.28.2",
      "resolved": "https://registry.npmjs.org/@esbuild/linux-mips64el/-/linux-mips64el-0.28.2.tgz",
      "integrity": "sha512-ZVykbDyk7519VwiNb9Lcj9m8XM6v5V9uKPvrEMkkEedVewf+0itkhahp4HDpgERXhwLRpWFypsGbG/J8s0QjJA==",
      "cpu": [
        "mips64el"
      ],
      "optional": true,
      "os": [
        "linux"
      ],
      "engines": {
        "node": ">=18"
      }
    },
    "node_modules/@esbuild/linux-ppc64": {
      "version": "0.28.2",
      "resolved": "https://registry.npmjs.org/@esbuild/linux-ppc64/-/linux-ppc64-0.28.2.tgz",
      "integrity": "sha512-CAXl+Dtd9UUuJd8pKKdwh6MLm3MUMiqMPmhZ3tTSXPqfyQ3vDl6R5hZdZ/kYojK4ofXtdfSv1tFq8XzWx3heNQ==",
      "cpu": [
        "ppc64"
      ],
      "optional": true,
      "os": [
        "linux"
      ],
      "engines": {
        "node": ">=18"
      }
    },
    "node_modules/@esbuild/linux-riscv64": {
      "version": "0.28.2",
      "resolved": "https://registry.npmjs.org/@esbuild/linux-riscv64/-/linux-riscv64-0.28.2.tgz",
      "integrity": "sha512-GeXCej4IQtU1B+QlDV8W/RRvbzI3O/Stss+/bCXv4lZls5WGRtu2a+3JkA3i4qIUlMXpcHebWpF8AkJhATowuA==",
      "cpu": [
        "riscv64"
      ],
      "optional": true,
      "os": [
        "linux"
      ],
      "engines": {
        "node": ">=18"
      }
    },
    "node_modules/@esbuild/linux-s390x": {
      "version": "0.28.2",
      "resolved": "https://registry.npmjs.org/@esbuild/linux-s390x/-/linux-s390x-0.28.2.tgz",
      "integrity": "sha512-3H1weTYZPxt/WOhByszQZybS9w5lKzUn1FDMsgEChbHWQwHYQQRfBxgCcZvPhjHfKyJjIievvMmEUawJrdY9Dg==",
      "cpu": [
        "s390x"
      ],
      "optional": true,
      "os": [
        "linux"
      ],
      "engines": {
        "node": ">=18"
      }
    },
    "node_modules/@esbuild/linux-x64": {
      "version": "0.28.2",
      "resolved": "https://registry.npmjs.org/@esbuild/linux-x64/-/linux-x64-0.28.2.tgz",
      "integrity": "sha512-4xTZr1FUmSoQW4XIWmit3tzQrUTZM+N3P0XV8xROKYF50XfI7xeO90+1bZvNwxIufQ9hDQVRJH5YhgPVF8A/HQ==",
      "cpu": [
        "x64"
      ],
      "optional": true,
      "os": [
        "linux"
      ],
      "engines": {
        "node": ">=18"
      }
    },
    "node_modules/@esbuild/netbsd-arm64": {
      "version": "0.28.2",
      "resolved": "https://registry.npmjs.org/@esbuild/netbsd-arm64/-/netbsd-arm64-0.28.2.tgz",
      "integrity": "sha512-sSATRjPeDBg3pdgHoQfoYBob11Kk1FGa9lui5RIHZCoCkJa9QKlvl3/vKz2usCmYYjs7ymJR/2Nnsqe+Hjt5nw==",
      "cpu": [
        "arm64"
      ],
      "optional": true,
      "os": [
        "netbsd"
      ],
      "engines": {
        "node": ">=18"
      }
    },
    "node_modules/@esbuild/netbsd-x64": {
      "version": "0.28.2",
      "resolved": "https://registry.npmjs.org/@esbuild/netbsd-x64/-/netbsd-x64-0.28.2.tgz",
      "integrity": "sha512-lqnzCV+mM0gIADaKihiCg6ifgfU2L3h5E33rNQBN1Y4MaVGnzryzmvvf7UHxprpQdE8hpqLolJ9Rl+SkIRDpyw==",
      "cpu": [
        "x64"
      ],
      "optional": true,
      "os": [
        "netbsd"
      ],
      "engines": {
        "node": ">=18"
      }
    },
    "node_modules/@esbuild/openbsd-arm64": {
      "version": "0.28.2",
      "resolved": "https://registry.npmjs.org/@esbuild/openbsd-arm64/-/openbsd-arm64-0.28.2.tgz",
      "integrity": "sha512-AL2qJILH7lNjrDmCQDvdxMfAUIv8KMNZOvrwAQ8i8//ntL9FflhOyMJ8OZSMBb8/AWXe3/5v5S20y3zCoZWKoQ==",
      "cpu": [
        "arm64"
      ],
      "optional": true,
      "os": [
        "openbsd"
      ],
      "engines": {
        "node": ">=18"
      }
    },
    "node_modules/@esbuild/openbsd-x64": {
      "version": "0.28.2",
      "resolved": "https://registry.npmjs.org/@esbuild/openbsd-x64/-/openbsd-x64-0.28.2.tgz",
      "integrity": "sha512-QtiuPytchRyC4rwUKhexJdQKvDuZ6hWloi3igqPQNUJCS1/v9EiO3UTOXR6A3FoMo4fnAKbWJdqaIwhOzh8qEw==",
      "cpu": [
        "x64"
      ],
      "optional": true,
      "os": [
        "openbsd"
      ],
      "engines": {
        "node": ">=18"
      }
    },
    "node_modules/@esbuild/openharmony-arm64": {
      "version": "0.28.2",
      "resolved": "https://registry.npmjs.org/@esbuild/openharmony-arm64/-/openharmony-arm64-0.28.2.tgz",
      "integrity": "sha512-WkhYDmpTjLvGlScA1rwjRUmhl4k8oXR3cIbtqWmELgU/dFeHHlEllxDvdWcNJV9rbzCexB5vz8gtNewWLgCT7Q==",
      "cpu": [
        "arm64"
      ],
      "optional": true,
      "os": [
        "openharmony"
      ],
      "engines": {
        "node": ">=18"
      }
    },
    "node_modules/@esbuild/sunos-x64": {
      "version": "0.28.2",
      "resolved": "https://registry.npmjs.org/@esbuild/sunos-x64/-/sunos-x64-0.28.2.tgz",
      "integrity": "sha512-GPMSkTOtMnv2U2F8gxe4Io6qmVs+YKyp832Etqqxr0hFngmXQ3rzwytelm3GIn7T4VviRUlf3sOgBOiTdvaf7g==",
      "cpu": [
        "x64"
      ],
      "optional": true,
      "os": [
        "sunos"
      ],
      "engines": {
        "node": ">=18"
      }
    },
    "node_modules/@esbuild/win32-arm64": {
      "version": "0.28.2",
      "resolved": "https://registry.npmjs.org/@esbuild/win32-arm64/-/win32-arm64-0.28.2.tgz",
      "integrity": "sha512-PIhhEkE9uPBleRBrQEJpUn7MBnibZzbGzYWPmY3x+YoVg/95zbjB4CxPPOQ8l5tYYM4mMaCthF8/1DIfBQQyWQ==",
      "cpu": [
        "arm64"
      ],
      "optional": true,
      "os": [
        "win32"
      ],
      "engines": {
        "node": ">=18"
      }
    },
    "node_modules/@esbuild/win32-ia32": {
      "version": "0.28.2",
      "resolved": "https://registry.npmjs.org/@esbuild/win32-ia32/-/win32-ia32-0.28.2.tgz",
      "integrity": "sha512-YmJbfTlvU7Sdn9BB+4PRES4oB6pxgS37MAONj+hBr/cpXS1aBPKXxNnDbu+QCWPj0o9dgyxeq79g6c5P8KeuYA==",
      "cpu": [
        "ia32"
      ],
      "optional": true,
      "os": [
        "win32"
      ],
      "engines": {
        "node": ">=18"
      }
    },
    "node_modules/@esbuild/win32-x64": {
      "version": "0.28.2",
      "resolved": "https://registry.npmjs.org/@esbuild/win32-x64/-/win32-x64-0.28.2.tgz",
      "integrity": "sha512-5ebpxr3nWMzrL/rnUI755Jkuee0bHL/Gq0WTF9lvcpv73wAp5eu8MfBUgWK9bhWvZjj7yX8etf/8tI8Ney695g==",
      "cpu": [
        "x64"
      ],
      "optional": true,
      "os": [
        "win32"
      ],
      "engines": {
        "node": ">=18"
      }
    },
    "node_modules/@jmespath-community/jmespath": {
      "version": "1.3.0",
      "resolved": "https://registry.npmjs.org/@jmespath-community/jmespath/-/jmespath-1.3.0.tgz",
      "integrity": "sha512-nzOrEdWKNpognj6CT+1Atr7gw0bqUC1KTBRyasBXS9NjFpz+og7LeFZrIQqV81GRcCzKa5H+DNipvv7NQK3GzA==",
      "bin": {
        "jp": "dist/cli.mjs"
      },
      "engines": {
        "node": ">=14.0.0"
      }
    },
    "node_modules/@jsonquerylang/jsonquery": {
      "version": "5.1.1",
      "resolved": "https://registry.npmjs.org/@jsonquerylang/jsonquery/-/jsonquery-5.1.1.tgz",
      "integrity": "sha512-Fj4SoA6Ku09EF+t7OEI8QLipA2A+fJCdEOwnDWG84o5jXMRjkcN5NCMH7kFZb5fP62xz914XV5LBOiDdiUXObg==",
      "bin": {
        "jsonquery": "bin/cli.js"
      }
    },
    "node_modules/@marcbachmann/cel-js": {
      "version": "8.0.0",
      "resolved": "https://registry.npmjs.org/@marcbachmann/cel-js/-/cel-js-8.0.0.tgz",
      "integrity": "sha512-oaTrAziGr3zDLFiMt/yLU3nZuRMawyWQB5X1a0I7s9eGy3JYzX9l8ZXXHyMd64nzbeVFZTewuUShwsZQdK6UCA==",
      "bin": {
        "cel-evaluate": "bin/cel-evaluate.js"
      },
      "engines": {
        "node": ">=20.19.0"
      }
    },
    "node_modules/@niscorp/strata": {
      "version": "0.1.4",
      "resolved": "https://registry.npmjs.org/@niscorp/strata/-/strata-0.1.4.tgz",
      "integrity": "sha512-GFpFlgjQYmYKZkMJ15rWNQlUDuztlTUcmSbbN0k7v47sJd6uHOSe0ryYJcHx4BPSLhGFQ7EMJc3SxN8estIjKQ==",
      "engines": {
        "node": ">=22.12"
      },
      "peerDependencies": {
        "zod": "^4.2.0"
      }
    },
    "node_modules/dayjs": {
      "version": "1.11.23",
      "resolved": "https://registry.npmjs.org/dayjs/-/dayjs-1.11.23.tgz",
      "integrity": "sha512-QDTCU0M0MxR3hQfnlDJfwekQiaanm1ubOD231u73WBckQ/fsamwRLiE2GBz6D3a/xF1NgfiDLJjXBa1hYOYTtQ=="
    },
    "node_modules/esbuild": {
      "version": "0.28.2",
      "resolved": "https://registry.npmjs.org/esbuild/-/esbuild-0.28.2.tgz",
      "integrity": "sha512-HKVLS8dvII+xoKW9kmqxbRKrnWEXfJJr/FZhhJmiqIB0e053QNYFqOBouTMO/k5sID4MvCiUCvv8b9M4h32wIA==",
      "hasInstallScript": true,
      "bin": {
        "esbuild": "bin/esbuild"
      },
      "engines": {
        "node": ">=18"
      },
      "optionalDependencies": {
        "@esbuild/aix-ppc64": "0.28.2",
        "@esbuild/android-arm": "0.28.2",
        "@esbuild/android-arm64": "0.28.2",
        "@esbuild/android-x64": "0.28.2",
        "@esbuild/darwin-arm64": "0.28.2",
        "@esbuild/darwin-x64": "0.28.2",
        "@esbuild/freebsd-arm64": "0.28.2",
        "@esbuild/freebsd-x64": "0.28.2",
        "@esbuild/linux-arm": "0.28.2",
        "@esbuild/linux-arm64": "0.28.2",
        "@esbuild/linux-ia32": "0.28.2",
        "@esbuild/linux-loong64": "0.28.2",
        "@esbuild/linux-mips64el": "0.28.2",
        "@esbuild/linux-ppc64": "0.28.2",
        "@esbuild/linux-riscv64": "0.28.2",
        "@esbuild/linux-s390x": "0.28.2",
        "@esbuild/linux-x64": "0.28.2",
        "@esbuild/netbsd-arm64": "0.28.2",
        "@esbuild/netbsd-x64": "0.28.2",
        "@esbuild/openbsd-arm64": "0.28.2",
        "@esbuild/openbsd-x64": "0.28.2",
        "@esbuild/openharmony-arm64": "0.28.2",
        "@esbuild/sunos-x64": "0.28.2",
        "@esbuild/win32-arm64": "0.28.2",
        "@esbuild/win32-ia32": "0.28.2",
        "@esbuild/win32-x64": "0.28.2"
      }
    },
    "node_modules/groq-js": {
      "version": "2.0.0",
      "resolved": "https://registry.npmjs.org/groq-js/-/groq-js-2.0.0.tgz",
      "integrity": "sha512-kj56ZjnOFbgDt91zYwQ10jsVUtVGJqAKfRbAir0EvTK84O5ZsSyc0rDEm2P3jmAJkxs4X1DOG8vtaYJQIA/XCA==",
      "dependencies": {
        "obug": "^2.1.3"
      },
      "engines": {
        "node": ">=22.12"
      }
    },
    "node_modules/jmespath": {
      "version": "0.16.0",
      "resolved": "https://registry.npmjs.org/jmespath/-/jmespath-0.16.0.tgz",
      "integrity": "sha512-9FzQjJ7MATs1tSpnco1K6ayiYE3figslrXA72G2HQ/n76RzvYlofyi5QM+iX4YRs/pu3yzxlVQSST23+dMDknw==",
      "engines": {
        "node": ">= 0.6.0"
      }
    },
    "node_modules/jora": {
      "version": "1.0.0-beta.16",
      "resolved": "https://registry.npmjs.org/jora/-/jora-1.0.0-beta.16.tgz",
      "integrity": "sha512-gkR5tmjfhAC7GwuAbXSDOG691Ei3VLTvkKc5hGG5NoPWPwqSTCy0Q3I39dH1Aae0ExC3OXHfHjZSZtFDwqfRwg==",
      "dependencies": {
        "@discoveryjs/natural-compare": "^1.1.0"
      },
      "engines": {
        "node": ">=18.0.0"
      }
    },
    "node_modules/jq-wasm": {
      "version": "3.0.0-jq-1.8.2",
      "resolved": "https://registry.npmjs.org/jq-wasm/-/jq-wasm-3.0.0-jq-1.8.2.tgz",
      "integrity": "sha512-jgWSEBJSd0lYR4Q5Fw8333MxQS5jCRI+g9KwAGL7yK1spwzTJy8C5uOS08wbpKE0Gz8oQYLlRpNLE/W70Ksp2g==",
      "engines": {
        "node": ">=20"
      }
    },
    "node_modules/json-e": {
      "version": "4.8.4",
      "resolved": "https://registry.npmjs.org/json-e/-/json-e-4.8.4.tgz",
      "integrity": "sha512-ilxMMkTN7Iv3zICTia7+c899JPbjQddvdyV9nkh/frdDESDhlt92czMTucKbuUoybLQJt9MUmJFqwfhOylzFEQ==",
      "dependencies": {
        "json-stable-stringify-without-jsonify": "^1.0.1",
        "lodash": "^4.17.23"
      },
      "engines": {
        "node": ">=20"
      }
    },
    "node_modules/json-logic-engine": {
      "version": "5.0.7",
      "resolved": "https://registry.npmjs.org/json-logic-engine/-/json-logic-engine-5.0.7.tgz",
      "integrity": "sha512-Q7L18Ds60urcXPfw2yNJgE21zJOqvoBvVLLHnvzH3NR1GfFeoDu+YxCdLsHBNYiWzO5UAsv3T77VaUVeslmbrA==",
      "engines": {
        "node": ">=12.22.7"
      }
    },
    "node_modules/json-logic-js": {
      "version": "2.0.5",
      "resolved": "https://registry.npmjs.org/json-logic-js/-/json-logic-js-2.0.5.tgz",
      "integrity": "sha512-rTT2+lqcuUmj4DgWfmzupZqQDA64AdmYqizzMPWj3DxGdfFNsxPpcNVSaTj4l8W2tG/+hg7/mQhxjU3aPacO6g=="
    },
    "node_modules/json-stable-stringify-without-jsonify": {
      "version": "1.0.1",
      "resolved": "https://registry.npmjs.org/json-stable-stringify-without-jsonify/-/json-stable-stringify-without-jsonify-1.0.1.tgz",
      "integrity": "sha512-Bdboy+l7tA3OGW6FjyFHWkP5LuByj1Tk33Ljyq0axyzdk9//JSi2u3fP1QSmd1KNwq6VOKYGlAu87CisVir6Pw=="
    },
    "node_modules/jsonata": {
      "version": "2.2.2",
      "resolved": "https://registry.npmjs.org/jsonata/-/jsonata-2.2.2.tgz",
      "integrity": "sha512-XDFH2PuaAXv0AXJEWwElXbqADmKFGKMLMkFb+qOz0EhjQW2EIJ6pgtordLU+4u3IVERyBfqy6bi6kZKEncvRqA==",
      "engines": {
        "node": ">= 8"
      }
    },
    "node_modules/lodash": {
      "version": "4.18.1",
      "resolved": "https://registry.npmjs.org/lodash/-/lodash-4.18.1.tgz",
      "integrity": "sha512-dMInicTPVE8d1e5otfwmmjlxkZoUpiVLwyeTdUsi/Caj/gfzzblBcCE5sRHV/AsjuCmxWrte2TNGSYuCeCq+0Q=="
    },
    "node_modules/mingo": {
      "version": "7.2.4",
      "resolved": "https://registry.npmjs.org/mingo/-/mingo-7.2.4.tgz",
      "integrity": "sha512-KrxHKzMMguL+G1lBC6YbU5UTXdw2viwVHNTPzNYVfEQfSAoetC3M1a7rlveOksn/96oNy+QwBlIXvx/q6rWyxQ=="
    },
    "node_modules/mitata": {
      "version": "1.0.34",
      "resolved": "https://registry.npmjs.org/mitata/-/mitata-1.0.34.tgz",
      "integrity": "sha512-Mc3zrtNBKIMeHSCQ0XqRLo1vbdIx1wvFV9c8NJAiyho6AjNfMY8bVhbS12bwciUdd1t4rj8099CH3N3NFahaUA=="
    },
    "node_modules/obug": {
      "version": "2.2.1",
      "resolved": "https://registry.npmjs.org/obug/-/obug-2.2.1.tgz",
      "integrity": "sha512-XrsrhT5sybtKI6wakr2SPOlGZWWYbUXZ7a0jT8/QOeAPau+1X/bSegNe5YR75oJmEZQbKningirmGOEJCIk61Q==",
      "funding": [
        "https://github.com/sponsors/sxzz",
        "https://opencollective.com/debug"
      ],
      "engines": {
        "node": ">=12.20.0"
      }
    },
    "node_modules/prism-published": {
      "name": "@niscorp/prism",
      "version": "0.2.2",
      "resolved": "https://registry.npmjs.org/@niscorp/prism/-/prism-0.2.2.tgz",
      "integrity": "sha512-NZklE0iCXL/7F+4N21mkcZVUUeU5/F8MEMW17ZNLyv9eq1zG7v3kXfe9nMJNDiRwaUlN6eX9yMU6aZQhuRZlFA==",
      "dependencies": {
        "dayjs": "^1.11.20"
      },
      "engines": {
        "node": ">=22.12"
      },
      "peerDependencies": {
        "@niscorp/cortex": "^0.1.3",
        "@niscorp/signal": "^0.1.3",
        "@niscorp/strata": "^0.1.4",
        "zod": "^4.2.0"
      },
      "peerDependenciesMeta": {
        "@niscorp/cortex": {
          "optional": true
        },
        "@niscorp/signal": {
          "optional": true
        }
      }
    },
    "node_modules/tinybench": {
      "version": "6.2.1",
      "resolved": "https://registry.npmjs.org/tinybench/-/tinybench-6.2.1.tgz",
      "integrity": "sha512-IAbQaPJIIdhVxi0mqy9lez1wEwje0UQf9F1vwtbelEG5Nbgn0nPOxCvU+mNeNS9gyJTAhrHp74CbUaSynQpZcQ==",
      "engines": {
        "node": ">=20.0.0"
      }
    },
    "node_modules/zod": {
      "version": "4.6.5",
      "resolved": "https://registry.npmjs.org/zod/-/zod-4.6.5.tgz",
      "integrity": "sha512-v5l/aFXZQeai4awLbOpSoHecE9UiMrnfx75tEXLjNonXVARxQ5mOeipTjROUchszUNCqnE+hqAMujRsRHsut2Q==",
      "funding": {
        "url": "https://github.com/sponsors/colinhacks"
      }
    }
  }
}
